
Microsoft Visual Studio Solution File, Format Version 12.00
# Visual Studio 2013
VisualStudioVersion = 12.0.40629.0
MinimumVisualStudioVersion = 10.0.40219.1
Project("{8BC9CEB8-8B4A-11D0-8D11-00A0C91BC942}") = "MergeList", "MergeList\MergeList.vcxproj", "{1D92EFDE-C002-4653-ADCD-0356B25AE629}"
EndProject
Project("{8BC9CEB8-8B4A-11D0-8D11-00A0C91BC942}") = "ArrayMergeList", "ArrayMergeList\ArrayMergeList.vcxproj", "{3569CFA9-EE62-490D-BACA-B346AF54A859}"
EndProject
Global
	GlobalSection(SolutionConfigurationPlatforms) = preSolution
		Debug|Win32 = Debug|Win32
		Release|Win32 = Release|Win32
	EndGlobalSection
	GlobalSection(ProjectConfigurationPlatforms) = postSolution
		{1D92EFDE-C002-4653-ADCD-0356B25AE629}.Debug|Win32.ActiveCfg = Debug|Win32
		{1D92EFDE-C002-4653-ADCD-0356B25AE629}.Debug|Win32.Build.0 = Debug|Win32
		{1D92EFDE-C002-4653-ADCD-0356B25AE629}.Release|Win32.ActiveCfg = Release|Win32
		{1D92EFDE-C002-4653-ADCD-0356B25AE629}.Release|Win32.Build.0 = Release|Win32
		{3569CFA9-EE62-490D-BACA-B346AF54A859}.Debug|Win32.ActiveCfg = Debug|Win32
		{3569CFA9-EE62-490D-BACA-B346AF54A859}.Debug|Win32.Build.0 = Debug|Win32
		{3569CFA9-EE62-490D-BACA-B346AF54A859}.Release|Win32.ActiveCfg = Release|Win32
		{3569CFA9-EE62-490D-BACA-B346AF54A859}.Release|Win32.Build.0 = Release|Win32
	EndGlobalSection
	GlobalSection(SolutionProperties) = preSolution
		HideSolutionNode = FALSE
	EndGlobalSection
EndGlobal
